
Microsoft Visual Studio Solution File, Format Version 12.00
# Visual Studio Express 2012 for Web
Project("{E24C65DC-7377-472B-9ABA-BC803B73C61A}") = "jsfunction", ".", "{008AF449-EE5F-41F5-A816-6B00F0F95CBF}"
	ProjectSection(WebsiteProperties) = preProject
		TargetFrameworkMoniker = ".NETFramework,Version%3Dv4.0"
		Debug.AspNetCompiler.VirtualPath = "/jsfunction"
		Debug.AspNetCompiler.PhysicalPath = "..\..\..\..\Desktop\jsfunction\"
		Debug.AspNetCompiler.TargetPath = "PrecompiledWeb\jsfunction\"
		Debug.AspNetCompiler.Updateable = "true"
		Debug.AspNetCompiler.ForceOverwrite = "true"
		Debug.AspNetCompiler.FixedNames = "false"
		Debug.AspNetCompiler.Debug = "True"
		Release.AspNetCompiler.VirtualPath = "/jsfunction"
		Release.AspNetCompiler.PhysicalPath = "..\..\..\..\Desktop\jsfunction\"
		Release.AspNetCompiler.TargetPath = "PrecompiledWeb\jsfunction\"
		Release.AspNetCompiler.Updateable = "true"
		Release.AspNetCompiler.ForceOverwrite = "true"
		Release.AspNetCompiler.FixedNames = "false"
		Release.AspNetCompiler.Debug = "False"
		VWDPort = "13211"
	EndProjectSection
EndProject
Global
	GlobalSection(SolutionConfigurationPlatforms) = preSolution
		Debug|Any CPU = Debug|Any CPU
	EndGlobalSection
	GlobalSection(ProjectConfigurationPlatforms) = postSolution
		{008AF449-EE5F-41F5-A816-6B00F0F95CBF}.Debug|Any CPU.ActiveCfg = Debug|Any CPU
		{008AF449-EE5F-41F5-A816-6B00F0F95CBF}.Debug|Any CPU.Build.0 = Debug|Any CPU
	EndGlobalSection
	GlobalSection(SolutionProperties) = preSolution
		HideSolutionNode = FALSE
	EndGlobalSection
EndGlobal
